
Microsoft Visual Studio Solution File, Format Version 12.00
# Visual Studio Version 17
VisualStudioVersion = 17.1.32319.34
MinimumVisualStudioVersion = 10.0.40219.1
Project("{888888A0-9F3D-457C-B088-3A5042F75D52}") = "DiscordBot", "DiscordBot\DiscordBot.pyproj", "{661CFF4F-D295-44EB-B303-41B0C85C6D6C}"
EndProject
Global
	GlobalSection(SolutionConfigurationPlatforms) = preSolution
		Debug|Any CPU = Debug|Any CPU
		Release|Any CPU = Release|Any CPU
	EndGlobalSection
	GlobalSection(ProjectConfigurationPlatforms) = postSolution
		{661CFF4F-D295-44EB-B303-41B0C85C6D6C}.Debug|Any CPU.ActiveCfg = Debug|Any CPU
		{661CFF4F-D295-44EB-B303-41B0C85C6D6C}.Release|Any CPU.ActiveCfg = Release|Any CPU
	EndGlobalSection
	GlobalSection(SolutionProperties) = preSolution
		HideSolutionNode = FALSE
	EndGlobalSection
	GlobalSection(ExtensibilityGlobals) = postSolution
		SolutionGuid = {51498658-A5F7-4BCB-953F-F52E59C06A9F}
	EndGlobalSection
EndGlobal
